
Microsoft Visual Studio Solution File, Format Version 12.00
# Visual Studio Version 16
VisualStudioVersion = 16.0.32228.343
MinimumVisualStudioVersion = 10.0.40219.1
Project("{8BC9CEB8-8B4A-11D0-8D11-00A0C91BC942}") = "Project1", "Project1\Project1.vcxproj", "{391AE56A-3DF0-4910-BD79-F941F003F23A}"
EndProject
Global
	GlobalSection(SolutionConfigurationPlatforms) = preSolution
		Debug|x64 = Debug|x64
		Debug|x86 = Debug|x86
		Release|x64 = Release|x64
		Release|x86 = Release|x86
	EndGlobalSection
	GlobalSection(ProjectConfigurationPlatforms) = postSolution
		{391AE56A-3DF0-4910-BD79-F941F003F23A}.Debug|x64.ActiveCfg = Debug|x64
		{391AE56A-3DF0-4910-BD79-F941F003F23A}.Debug|x64.Build.0 = Debug|x64
		{391AE56A-3DF0-4910-BD79-F941F003F23A}.Debug|x86.ActiveCfg = Debug|Win32
		{391AE56A-3DF0-4910-BD79-F941F003F23A}.Debug|x86.Build.0 = Debug|Win32
		{391AE56A-3DF0-4910-BD79-F941F003F23A}.Release|x64.ActiveCfg = Release|x64
		{391AE56A-3DF0-4910-BD79-F941F003F23A}.Release|x64.Build.0 = Release|x64
		{391AE56A-3DF0-4910-BD79-F941F003F23A}.Release|x86.ActiveCfg = Release|Win32
		{391AE56A-3DF0-4910-BD79-F941F003F23A}.Release|x86.Build.0 = Release|Win32
	EndGlobalSection
	GlobalSection(SolutionProperties) = preSolution
		HideSolutionNode = FALSE
	EndGlobalSection
	GlobalSection(ExtensibilityGlobals) = postSolution
		SolutionGuid = {1AA1DC48-EC89-4056-9FAF-6D6FA47B3EAA}
	EndGlobalSection
EndGlobal
