
Microsoft Visual Studio Solution File, Format Version 12.00
# Visual Studio Version 16
VisualStudioVersion = 16.0.32228.343
MinimumVisualStudioVersion = 10.0.40219.1
Project("{8BC9CEB8-8B4A-11D0-8D11-00A0C91BC942}") = "LinkedList", "LinkedList\LinkedList.vcxproj", "{ED99FEB6-2476-425E-9B48-46803F44382D}"
EndProject
Global
	GlobalSection(SolutionConfigurationPlatforms) = preSolution
		Debug|x64 = Debug|x64
		Debug|x86 = Debug|x86
		Release|x64 = Release|x64
		Release|x86 = Release|x86
	EndGlobalSection
	GlobalSection(ProjectConfigurationPlatforms) = postSolution
		{ED99FEB6-2476-425E-9B48-46803F44382D}.Debug|x64.ActiveCfg = Debug|x64
		{ED99FEB6-2476-425E-9B48-46803F44382D}.Debug|x64.Build.0 = Debug|x64
		{ED99FEB6-2476-425E-9B48-46803F44382D}.Debug|x86.ActiveCfg = Debug|Win32
		{ED99FEB6-2476-425E-9B48-46803F44382D}.Debug|x86.Build.0 = Debug|Win32
		{ED99FEB6-2476-425E-9B48-46803F44382D}.Release|x64.ActiveCfg = Release|x64
		{ED99FEB6-2476-425E-9B48-46803F44382D}.Release|x64.Build.0 = Release|x64
		{ED99FEB6-2476-425E-9B48-46803F44382D}.Release|x86.ActiveCfg = Release|Win32
		{ED99FEB6-2476-425E-9B48-46803F44382D}.Release|x86.Build.0 = Release|Win32
	EndGlobalSection
	GlobalSection(SolutionProperties) = preSolution
		HideSolutionNode = FALSE
	EndGlobalSection
	GlobalSection(ExtensibilityGlobals) = postSolution
		SolutionGuid = {FC67ADF8-9C09-41DE-AFC3-52F2DABBD702}
	EndGlobalSection
EndGlobal
